# This file is generated by running "yarn install" inside your project.
# Manual changes might be lost - proceed with caution!

__metadata:
  version: 10
  cacheKey: 10c0

"@scope/scoped-package@workspace:apps/scoped-package":
  version: 0.0.0-use.local
  resolution: "@scope/scoped-package@workspace:apps/scoped-package"
  dependencies:
    dayjs: "npm:^1.11.21"
  languageName: unknown
  linkType: soft

"dayjs@npm:^1.11.21":
  version: 1.11.21
  resolution: "dayjs@npm:1.11.21"
  checksum: 10c0/bd97dfdc4bfea3c66268635690313828b386faa040fbc1f829ff42a2bd748b72c9d9b3c8f9616ce9e61fcb78923f1461a462c969c54b1084458ae1b715898fb0
  languageName: node
  linkType: hard

"moon-example-docker-prune-bug@workspace:.":
  version: 0.0.0-use.local
  resolution: "moon-example-docker-prune-bug@workspace:."
  languageName: unknown
  linkType: soft

"non-scoped-package-different-actual-change@workspace:apps/non-scoped-package-different-name":
  version: 0.0.0-use.local
  resolution: "non-scoped-package-different-actual-change@workspace:apps/non-scoped-package-different-name"
  dependencies:
    dayjs: "npm:^1.11.21"
  languageName: unknown
  linkType: soft

"non-scoped-package@workspace:apps/non-scoped-package":
  version: 0.0.0-use.local
  resolution: "non-scoped-package@workspace:apps/non-scoped-package"
  dependencies:
    dayjs: "npm:^1.11.21"
  languageName: unknown
  linkType: soft
